# This file is automatically @generated by Cargo.
# It is not intended for manual editing.
[[package]]
name = "fast_inv_sqrt"
version = "1.0.1"
source = "registry+https://github.com/rust-lang/crates.io-index"

[[package]]
name = "game_engine_foundation"
version = "0.1.0"
dependencies = [
 "fast_inv_sqrt 1.0.1 (registry+https://github.com/rust-lang/crates.io-index)",
]

[metadata]
"checksum fast_inv_sqrt 1.0.1 (registry+https://github.com/rust-lang/crates.io-index)" = "c6e61a440b33ad57e53bb01b33438d019d7a7d50a05b9def525c578c0a7e974f"
